# This file is autogenerated, do not edit; changes may be undone by the next 'dep ensure'.


[[projects]]
  digest = "1:f8ad8a53fa865a70efbe215b0ca34735523f50ea39e0efde319ab6fc80089b44"
  name = "cloud.google.com/go"
  packages = ["compute/metadata"]
  pruneopts = "NUT"
  revision = "0fd7230b2a7505833d5f69b75cbd6c9582401479"
  version = "v0.23.0"

[[projects]]
  digest = "1:d8ebbd207f3d3266d4423ce4860c9f3794956306ded6c7ba312ecc69cdfbf04c"
  name = "github.com/PuerkitoBio/purell"
  packages = ["."]
  pruneopts = "NUT"
  revision = "0bcb03f4b4d0a9428594752bd2a3b9aa0a9d4bd4"
  version = "v1.1.0"

[[projects]]
  branch = "master"
  digest = "1:8098cd40cd09879efbf12e33bcd51ead4a66006ac802cd563a66c4f3373b9727"
  name = "github.com/PuerkitoBio/urlesc"
  packages = ["."]
  pruneopts = "NUT"
  revision = "de5bf2ad457846296e2031421a34e2568e304e35"

[[projects]]
  digest = "1:a2c1d0e43bd3baaa071d1b9ed72c27d78169b2b269f71c105ac4ba34b1be4a39"
  name = "github.com/davecgh/go-spew"
  packages = ["spew"]
  pruneopts = "NUT"
  revision = "346938d642f2ec3594ed81d874461961cd0faa76"
  version = "v1.1.0"

[[projects]]
  digest = "1:4189ee6a3844f555124d9d2656fe7af02fca961c2a9bad9074789df13a0c62e0"
  name = "github.com/docker/distribution"
  packages = [
    "digestset",
    "reference",
  ]
  pruneopts = "NUT"
  revision = "edc3ab29cdff8694dd6feb85cfeb4b5f1b38ed9c"

[[projects]]
  digest = "1:f8e6f07329067bc182633dcb19a3df53ce5d454b551e1b5a1cac2163748648d9"
  name = "github.com/emicklei/go-restful"
  packages = [
    ".",
    "log",
  ]
  pruneopts = "NUT"
  revision = "3658237ded108b4134956c1b3050349d93e7b895"
  version = "v2.7.1"

[[projects]]
  digest = "1:81466b4218bf6adddac2572a30ac733a9255919bc2f470b4827a317bd4ee1756"
  name = "github.com/ghodss/yaml"
  packages = ["."]
  pruneopts = "NUT"
  revision = "0ca9ea5df5451ffdf184b4428c902747c2c11cd7"
  version = "v1.0.0"

[[projects]]
  branch = "master"
  digest = "1:260f7ebefc63024c8dfe2c9f1a2935a89fa4213637a1f522f592f80c001cc441"
  name = "github.com/go-openapi/jsonpointer"
  packages = ["."]
  pruneopts = "NUT"
  revision = "3a0015ad55fa9873f41605d3e8f28cd279c32ab2"

[[projects]]
  branch = "master"
  digest = "1:98abd61947ff5c7c6fcfec5473d02a4821ed3a2dd99a4fbfdb7925b0dd745546"
  name = "github.com/go-openapi/jsonreference"
  packages = ["."]
  pruneopts = "NUT"
  revision = "3fb327e6747da3043567ee86abd02bb6376b6be2"

[[projects]]
  branch = "master"
  digest = "1:e95b560c49fb849a61957a5fb3346ce23b3f67426e00e01179e5396cabc9a12c"
  name = "github.com/go-openapi/spec"
  packages = ["."]
  pruneopts = "NUT"
  revision = "bcff419492eeeb01f76e77d2ebc714dc97b607f5"

[[projects]]
  branch = "master"
  digest = "1:a610c604eb06f0be4b0fc667388b7a221155d77d7f9089f70ac142a4a9daf014"
  name = "github.com/go-openapi/swag"
  packages = ["."]
  pruneopts = "NUT"
  revision = "811b1089cde9dad18d4d0c2d09fbdbf28dbd27a5"

[[projects]]
  digest = "1:1b3dd24f14a5280710fc7a3aa2480b6e4d20fdfc905841de9a3aa2aa2f1d4ee9"
  name = "github.com/gogo/protobuf"
  packages = [
    "proto",
    "sortkeys",
  ]
  pruneopts = "NUT"
  revision = "1adfc126b41513cc696b209667c8656ea7aac67c"
  version = "v1.0.0"

[[projects]]
  branch = "master"
  digest = "1:e2b86e41f3d669fc36b50d31d32d22c8ac656c75aa5ea89717ce7177e134ff2a"
  name = "github.com/golang/glog"
  packages = ["."]
  pruneopts = "NUT"
  revision = "23def4e6c14b4da8ac2ed8007337bc5eb5007998"

[[projects]]
  branch = "master"
  digest = "1:3fb07f8e222402962fa190eb060608b34eddfb64562a18e2167df2de0ece85d8"
  name = "github.com/golang/groupcache"
  packages = ["lru"]
  pruneopts = "NUT"
  revision = "24b0969c4cb722950103eed87108c8d291a8df00"

[[projects]]
  digest = "1:03e14cff610a8a58b774e36bd337fa979482be86aab01be81fb8bbd6d0f07fc8"
  name = "github.com/golang/protobuf"
  packages = [
    "proto",
    "ptypes",
    "ptypes/any",
    "ptypes/duration",
    "ptypes/timestamp",
  ]
  pruneopts = "NUT"
  revision = "b4deda0973fb4c70b50d226b1af49f3da59f5265"
  version = "v1.1.0"

[[projects]]
  branch = "master"
  digest = "1:52c5834e2bebac9030c97cc0798ac11c3aa8a39f098aeb419f142533da6cd3cc"
  name = "github.com/google/gofuzz"
  packages = ["."]
  pruneopts = "NUT"
  revision = "24818f796faf91cd76ec7bddd72458fbced7a6c1"

[[projects]]
  digest = "1:06a7dadb7b760767341ffb6c8d377238d68a1226f2b21b5d497d2e3f6ecf6b4e"
  name = "github.com/googleapis/gnostic"
  packages = [
    "OpenAPIv2",
    "compiler",
    "extensions",
  ]
  pruneopts = "NUT"
  revision = "7c663266750e7d82587642f65e60bc4083f1f84e"
  version = "v0.2.0"

[[projects]]
  branch = "master"
  digest = "1:13e2fa5735a82a5fb044f290cfd0dba633d1c5e516b27da0509e0dbb3515a18e"
  name = "github.com/hashicorp/golang-lru"
  packages = [
    ".",
    "simplelru",
  ]
  pruneopts = "NUT"
  revision = "0fb14efe8c47ae851c0034ed7a448854d3d34cf3"

[[projects]]
  branch = "master"
  digest = "1:b7f860847a1d71f925ba9385ed95f1ebc0abfeb418a78e219ab61f48fdfeffad"
  name = "github.com/howeyc/gopass"
  packages = ["."]
  pruneopts = "NUT"
  revision = "bf9dde6d0d2c004a008c27aaee91170c786f6db8"

[[projects]]
  digest = "1:65300ccc4bcb38b107b868155c303312978981e56bca707c81efec57575b5e06"
  name = "github.com/imdario/mergo"
  packages = ["."]
  pruneopts = "NUT"
  revision = "9316a62528ac99aaecb4e47eadd6dc8aa6533d58"
  version = "v0.3.5"

[[projects]]
  digest = "1:8e36686e8b139f8fe240c1d5cf3a145bc675c22ff8e707857cdd3ae17b00d728"
  name = "github.com/json-iterator/go"
  packages = ["."]
  pruneopts = "NUT"
  revision = "1624edc4454b8682399def8740d46db5e4362ba4"
  version = "v1.1.5"

[[projects]]
  branch = "master"
  digest = "1:ada518b8c338e10e0afa443d84671476d3bd1d926e13713938088e8ddbee1a3e"
  name = "github.com/mailru/easyjson"
  packages = [
    "buffer",
    "jlexer",
    "jwriter",
  ]
  pruneopts = "NUT"
  revision = "3fdea8d05856a0c8df22ed4bc71b3219245e4485"

[[projects]]
  digest = "1:2f42fa12d6911c7b7659738758631bec870b7e9b4c6be5444f963cdcfccc191f"
  name = "github.com/modern-go/concurrent"
  packages = ["."]
  pruneopts = "NUT"
  revision = "bacd9c7ef1dd9b15be4a9909b8ac7a4e313eec94"
  version = "1.0.3"

[[projects]]
  digest = "1:c6aca19413b13dc59c220ad7430329e2ec454cc310bc6d8de2c7e2b93c18a0f6"
  name = "github.com/modern-go/reflect2"
  packages = ["."]
  pruneopts = "NUT"
  revision = "4b7aa43c6742a2c18fdef89dd197aaae7dac7ccd"
  version = "1.0.1"

[[projects]]
  branch = "master"
  digest = "1:760b8150a400b7fd93ce140bd2b8abf54a4e9c4a1fd40403fea2f5e01a5c51cc"
  name = "github.com/onrik/logrus"
  packages = ["filename"]
  pruneopts = "NUT"
  revision = "9db917e87735094e75f37662738b3bebb96eedaa"

[[projects]]
  digest = "1:e0cc8395ea893c898ff5eb0850f4d9851c1f57c78c232304a026379a47a552d0"
  name = "github.com/opencontainers/go-digest"
  packages = ["."]
  pruneopts = "NUT"
  revision = "279bed98673dd5bef374d3b6e4b09e2af76183bf"
  version = "v1.0.0-rc1"

[[projects]]
  digest = "1:0028cb19b2e4c3112225cd871870f2d9cf49b9b4276531f03438a88e94be86fe"
  name = "github.com/pmezard/go-difflib"
  packages = ["difflib"]
  pruneopts = "NUT"
  revision = "792786c7400a136282c1664665ae0a8db921c6c2"
  version = "v1.0.0"

[[projects]]
  digest = "1:6989062eb7ccf25cf38bf4fe3dba097ee209f896cda42cefdca3927047bef7b6"
  name = "github.com/sirupsen/logrus"
  packages = ["."]
  pruneopts = "NUT"
  revision = "c155da19408a8799da419ed3eeb0cb5db0ad5dbc"
  version = "v1.0.5"

[[projects]]
  digest = "1:15e5c398fbd9d2c439b635a08ac161b13d04f0c2aa587fe256b65dc0c3efe8b7"
  name = "github.com/spf13/pflag"
  packages = ["."]
  pruneopts = "NUT"
  revision = "583c0c0531f06d5278b7d917446061adc344b5cd"
  version = "v1.0.1"

[[projects]]
  digest = "1:bacb8b590716ab7c33f2277240972c9582d389593ee8d66fc10074e0508b8126"
  name = "github.com/stretchr/testify"
  packages = ["assert"]
  pruneopts = "NUT"
  revision = "f35b8ab0b5a2cef36673838d662e249dd9c94686"
  version = "v1.2.2"

[[projects]]
  branch = "master"
  digest = "1:8e241498e35f550e5192ee6b1f6ff2c0a7ffe81feff9541d297facffe1383979"
  name = "golang.org/x/crypto"
  packages = [
    "ed25519",
    "ed25519/internal/edwards25519",
    "pbkdf2",
    "ssh/terminal",
  ]
  pruneopts = "NUT"
  revision = "37a17fe027db43f76fd88b056ddf588563fc8722"

[[projects]]
  branch = "master"
  digest = "1:dd68d1a2c578b5a578bb36851bf3a2edb0ffe5d130f898c65b994e41fc0848b5"
  name = "golang.org/x/net"
  packages = [
    "context",
    "context/ctxhttp",
    "http/httpguts",
    "http2",
    "http2/hpack",
    "idna",
  ]
  pruneopts = "NUT"
  revision = "db08ff08e8622530d9ed3a0e8ac279f6d4c02196"

[[projects]]
  branch = "master"
  digest = "1:c674f86ef1ef84881e4ee5a7e020ee1e508f3f1e0a1d1e26d18257aee3a716ce"
  name = "golang.org/x/oauth2"
  packages = [
    ".",
    "google",
    "internal",
    "jws",
    "jwt",
  ]
  pruneopts = "NUT"
  revision = "1e0a3fa8ba9a5c9eb35c271780101fdaf1b205d7"

[[projects]]
  branch = "master"
  digest = "1:307bd614124180f525789938299b1dd7347301c482eab6b223e38b986346224d"
  name = "golang.org/x/sys"
  packages = [
    "unix",
    "windows",
  ]
  pruneopts = "NUT"
  revision = "56ede360ec1c541828fb88741b3f1049406d28f5"

[[projects]]
  digest = "1:e33513a825fcd765e97b5de639a2f7547542d1a8245df0cef18e1fd390b778a9"
  name = "golang.org/x/text"
  packages = [
    "collate",
    "collate/build",
    "internal/colltab",
    "internal/gen",
    "internal/tag",
    "internal/triegen",
    "internal/ucd",
    "language",
    "secure/bidirule",
    "transform",
    "unicode/bidi",
    "unicode/cldr",
    "unicode/norm",
    "unicode/rangetable",
    "width",
  ]
  pruneopts = "NUT"
  revision = "f21a4dfb5e38f5895301dc265a8def02365cc3d0"
  version = "v0.3.0"

[[projects]]
  branch = "master"
  digest = "1:c9e7a4b4d47c0ed205d257648b0e5b0440880cb728506e318f8ac7cd36270bc4"
  name = "golang.org/x/time"
  packages = ["rate"]
  pruneopts = "NUT"
  revision = "fbb02b2291d28baffd63558aa44b4b56f178d650"

[[projects]]
  branch = "master"
  digest = "1:4d63ca26a477869856c95a8a9760a8405686065538bd375d1f1481a8f5528094"
  name = "golang.org/x/tools"
  packages = [
    "go/ast/astutil",
    "imports",
    "internal/fastwalk",
  ]
  pruneopts = "NUT"
  revision = "c995a088887b4ae00a4c85a984117cbc8d86ca3d"

[[projects]]
  digest = "1:7206d98ec77c90c72ec2c405181a1dcf86965803b6dbc4f98ceab7a5047c37a9"
  name = "google.golang.org/appengine"
  packages = [
    ".",
    "internal",
    "internal/app_identity",
    "internal/base",
    "internal/datastore",
    "internal/log",
    "internal/modules",
    "internal/remote_api",
    "internal/urlfetch",
    "urlfetch",
  ]
  pruneopts = "NUT"
  revision = "150dc57a1b433e64154302bdc40b6bb8aefa313a"
  version = "v1.0.0"

[[projects]]
  digest = "1:2d1fbdc6777e5408cabeb02bf336305e724b925ff4546ded0fa8715a7267922a"
  name = "gopkg.in/inf.v0"
  packages = ["."]
  pruneopts = "NUT"
  revision = "d2d2541c53f18d2a059457998ce2876cc8e67cbf"
  version = "v0.9.1"

[[projects]]
  digest = "1:812f9446bc99ebd1c66c55fa456ff7843f7105d22f11f0a2098bced37e9c6d32"
  name = "gopkg.in/square/go-jose.v2"
  packages = [
    ".",
    "cipher",
    "json",
    "jwt",
  ]
  pruneopts = "NUT"
  revision = "ef984e69dd356202fd4e4910d4d9c24468bdf0b8"
  version = "v2.1.9"

[[projects]]
  digest = "1:7c95b35057a0ff2e19f707173cc1a947fa43a6eb5c4d300d196ece0334046082"
  name = "gopkg.in/yaml.v2"
  packages = ["."]
  pruneopts = "NUT"
  revision = "5420a8b6744d3b0345ab293f6fcba19c978f1183"
  version = "v2.2.1"

[[projects]]
  digest = "1:6b4ae148679d49dda5e1f7026701662758701b6cbd144cc8db1769710a01c4d2"
  name = "k8s.io/api"
  packages = [
    "admission/v1beta1",
    "admissionregistration/v1alpha1",
    "admissionregistration/v1beta1",
    "apps/v1",
    "apps/v1beta1",
    "apps/v1beta2",
    "authentication/v1",
    "authentication/v1beta1",
    "authorization/v1",
    "authorization/v1beta1",
    "autoscaling/v1",
    "autoscaling/v2beta1",
    "batch/v1",
    "batch/v1beta1",
    "batch/v2alpha1",
    "certificates/v1beta1",
    "core/v1",
    "events/v1beta1",
    "extensions/v1beta1",
    "imagepolicy/v1alpha1",
    "networking/v1",
    "policy/v1beta1",
    "rbac/v1",
    "rbac/v1alpha1",
    "rbac/v1beta1",
    "scheduling/v1alpha1",
    "settings/v1alpha1",
    "storage/v1",
    "storage/v1alpha1",
    "storage/v1beta1",
  ]
  pruneopts = "NUT"
  revision = "73d903622b7391f3312dcbac6483fed484e185f8"
  version = "kubernetes-1.10.1"

[[projects]]
  branch = "master"
  digest = "1:06e3ba9fa7fc3d94b26c7c97163a8b1d899d5a0ff47800fcfb12c34b24aa4719"
  name = "k8s.io/apiextensions-apiserver"
  packages = [
    "pkg/apis/apiextensions",
    "pkg/apis/apiextensions/v1beta1",
    "pkg/client/clientset/clientset",
    "pkg/client/clientset/clientset/scheme",
    "pkg/client/clientset/clientset/typed/apiextensions/v1beta1",
    "pkg/features",
  ]
  pruneopts = "NUT"
  revision = "a01914bc74d2605fef74a0248d2eec998f0bb093"

[[projects]]
  digest = "1:4287abc32b39e9901104a620c32db138ef96d7251de71076b888b8c48c2dc4a0"
  name = "k8s.io/apimachinery"
  packages = [
    "pkg/api/equality",
    "pkg/api/errors",
    "pkg/api/meta",
    "pkg/api/resource",
    "pkg/api/validation",
    "pkg/apimachinery",
    "pkg/apimachinery/announced",
    "pkg/apimachinery/registered",
    "pkg/apis/meta/internalversion",
    "pkg/apis/meta/v1",
    "pkg/apis/meta/v1/unstructured",
    "pkg/apis/meta/v1/validation",
    "pkg/apis/meta/v1beta1",
    "pkg/conversion",
    "pkg/conversion/queryparams",
    "pkg/fields",
    "pkg/labels",
    "pkg/runtime",
    "pkg/runtime/schema",
    "pkg/runtime/serializer",
    "pkg/runtime/serializer/json",
    "pkg/runtime/serializer/protobuf",
    "pkg/runtime/serializer/recognizer",
    "pkg/runtime/serializer/streaming",
    "pkg/runtime/serializer/versioning",
    "pkg/selection",
    "pkg/types",
    "pkg/util/cache",
    "pkg/util/clock",
    "pkg/util/diff",
    "pkg/util/errors",
    "pkg/util/framer",
    "pkg/util/intstr",
    "pkg/util/json",
    "pkg/util/mergepatch",
    "pkg/util/net",
    "pkg/util/runtime",
    "pkg/util/sets",
    "pkg/util/strategicpatch",
    "pkg/util/validation",
    "pkg/util/validation/field",
    "pkg/util/wait",
    "pkg/util/yaml",
    "pkg/version",
    "pkg/watch",
    "third_party/forked/golang/json",
    "third_party/forked/golang/reflect",
  ]
  pruneopts = "NUT"
  revision = "302974c03f7e50f16561ba237db776ab93594ef6"
  version = "kubernetes-1.10.1"

[[projects]]
  branch = "master"
  digest = "1:99d2851d3949fbde2fe12a5d4fcdf8c56363d304bb2023fc6287af5f0ab4b677"
  name = "k8s.io/apiserver"
  packages = [
    "pkg/authentication/authenticator",
    "pkg/authentication/serviceaccount",
    "pkg/authentication/user",
    "pkg/features",
    "pkg/util/feature",
  ]
  pruneopts = "NUT"
  revision = "d955b8a826dde3566e9dc4a51493b4afc1b51a7b"

[[projects]]
  digest = "1:98ebb9bc475119f3437234b056262e5355eee7620f84b135fdebdb7c5df943bf"
  name = "k8s.io/client-go"
  packages = [
    "discovery",
    "discovery/fake",
    "dynamic",
    "informers",
    "informers/admissionregistration",
    "informers/admissionregistration/v1alpha1",
    "informers/admissionregistration/v1beta1",
    "informers/apps",
    "informers/apps/v1",
    "informers/apps/v1beta1",
    "informers/apps/v1beta2",
    "informers/autoscaling",
    "informers/autoscaling/v1",
    "informers/autoscaling/v2beta1",
    "informers/batch",
    "informers/batch/v1",
    "informers/batch/v1beta1",
    "informers/batch/v2alpha1",
    "informers/certificates",
    "informers/certificates/v1beta1",
    "informers/core",
    "informers/core/v1",
    "informers/events",
    "informers/events/v1beta1",
    "informers/extensions",
    "informers/extensions/v1beta1",
    "informers/internalinterfaces",
    "informers/networking",
    "informers/networking/v1",
    "informers/policy",
    "informers/policy/v1beta1",
    "informers/rbac",
    "informers/rbac/v1",
    "informers/rbac/v1alpha1",
    "informers/rbac/v1beta1",
    "informers/scheduling",
    "informers/scheduling/v1alpha1",
    "informers/settings",
    "informers/settings/v1alpha1",
    "informers/storage",
    "informers/storage/v1",
    "informers/storage/v1alpha1",
    "informers/storage/v1beta1",
    "kubernetes",
    "kubernetes/fake",
    "kubernetes/scheme",
    "kubernetes/typed/admissionregistration/v1alpha1",
    "kubernetes/typed/admissionregistration/v1alpha1/fake",
    "kubernetes/typed/admissionregistration/v1beta1",
    "kubernetes/typed/admissionregistration/v1beta1/fake",
    "kubernetes/typed/apps/v1",
    "kubernetes/typed/apps/v1/fake",
    "kubernetes/typed/apps/v1beta1",
    "kubernetes/typed/apps/v1beta1/fake",
    "kubernetes/typed/apps/v1beta2",
    "kubernetes/typed/apps/v1beta2/fake",
    "kubernetes/typed/authentication/v1",
    "kubernetes/typed/authentication/v1/fake",
    "kubernetes/typed/authentication/v1beta1",
    "kubernetes/typed/authentication/v1beta1/fake",
    "kubernetes/typed/authorization/v1",
    "kubernetes/typed/authorization/v1/fake",
    "kubernetes/typed/authorization/v1beta1",
    "kubernetes/typed/authorization/v1beta1/fake",
    "kubernetes/typed/autoscaling/v1",
    "kubernetes/typed/autoscaling/v1/fake",
    "kubernetes/typed/autoscaling/v2beta1",
    "kubernetes/typed/autoscaling/v2beta1/fake",
    "kubernetes/typed/batch/v1",
    "kubernetes/typed/batch/v1/fake",
    "kubernetes/typed/batch/v1beta1",
    "kubernetes/typed/batch/v1beta1/fake",
    "kubernetes/typed/batch/v2alpha1",
    "kubernetes/typed/batch/v2alpha1/fake",
    "kubernetes/typed/certificates/v1beta1",
    "kubernetes/typed/certificates/v1beta1/fake",
    "kubernetes/typed/core/v1",
    "kubernetes/typed/core/v1/fake",
    "kubernetes/typed/events/v1beta1",
    "kubernetes/typed/events/v1beta1/fake",
    "kubernetes/typed/extensions/v1beta1",
    "kubernetes/typed/extensions/v1beta1/fake",
    "kubernetes/typed/networking/v1",
    "kubernetes/typed/networking/v1/fake",
    "kubernetes/typed/policy/v1beta1",
    "kubernetes/typed/policy/v1beta1/fake",
    "kubernetes/typed/rbac/v1",
    "kubernetes/typed/rbac/v1/fake",
    "kubernetes/typed/rbac/v1alpha1",
    "kubernetes/typed/rbac/v1alpha1/fake",
    "kubernetes/typed/rbac/v1beta1",
    "kubernetes/typed/rbac/v1beta1/fake",
    "kubernetes/typed/scheduling/v1alpha1",
    "kubernetes/typed/scheduling/v1alpha1/fake",
    "kubernetes/typed/settings/v1alpha1",
    "kubernetes/typed/settings/v1alpha1/fake",
    "kubernetes/typed/storage/v1",
    "kubernetes/typed/storage/v1/fake",
    "kubernetes/typed/storage/v1alpha1",
    "kubernetes/typed/storage/v1alpha1/fake",
    "kubernetes/typed/storage/v1beta1",
    "kubernetes/typed/storage/v1beta1/fake",
    "listers/admissionregistration/v1alpha1",
    "listers/admissionregistration/v1beta1",
    "listers/apps/v1",
    "listers/apps/v1beta1",
    "listers/apps/v1beta2",
    "listers/autoscaling/v1",
    "listers/autoscaling/v2beta1",
    "listers/batch/v1",
    "listers/batch/v1beta1",
    "listers/batch/v2alpha1",
    "listers/certificates/v1beta1",
    "listers/core/v1",
    "listers/events/v1beta1",
    "listers/extensions/v1beta1",
    "listers/networking/v1",
    "listers/policy/v1beta1",
    "listers/rbac/v1",
    "listers/rbac/v1alpha1",
    "listers/rbac/v1beta1",
    "listers/scheduling/v1alpha1",
    "listers/settings/v1alpha1",
    "listers/storage/v1",
    "listers/storage/v1alpha1",
    "listers/storage/v1beta1",
    "pkg/apis/clientauthentication",
    "pkg/apis/clientauthentication/v1alpha1",
    "pkg/version",
    "plugin/pkg/client/auth/exec",
    "plugin/pkg/client/auth/gcp",
    "rest",
    "rest/watch",
    "testing",
    "third_party/forked/golang/template",
    "tools/auth",
    "tools/cache",
    "tools/clientcmd",
    "tools/clientcmd/api",
    "tools/clientcmd/api/latest",
    "tools/clientcmd/api/v1",
    "tools/leaderelection",
    "tools/leaderelection/resourcelock",
    "tools/metrics",
    "tools/pager",
    "tools/record",
    "tools/reference",
    "transport",
    "util/buffer",
    "util/cert",
    "util/flowcontrol",
    "util/homedir",
    "util/integer",
    "util/jsonpath",
    "util/retry",
    "util/testing",
    "util/workqueue",
  ]
  pruneopts = "NUT"
  revision = "23781f4d6632d88e869066eaebb743857aa1ef9b"
  version = "v7.0.0"

[[projects]]
  digest = "1:3813e940795d6327806a11f239f17bb730afa8b2edbaa1595712490ea306fb47"
  name = "k8s.io/code-generator"
  packages = [
    "cmd/client-gen",
    "cmd/client-gen/args",
    "cmd/client-gen/generators",
    "cmd/client-gen/generators/fake",
    "cmd/client-gen/generators/scheme",
    "cmd/client-gen/generators/util",
    "cmd/client-gen/path",
    "cmd/client-gen/types",
    "cmd/deepcopy-gen",
    "cmd/defaulter-gen",
    "cmd/informer-gen",
    "cmd/informer-gen/generators",
    "cmd/lister-gen",
    "cmd/lister-gen/generators",
    "cmd/openapi-gen",
  ]
  pruneopts = "T"
  revision = "961bc077103364eb5bda2c40e2b560d068c9a8c6"

[[projects]]
  branch = "master"
  digest = "1:d86c2e8101d765e3bbb68ed896bb950b188d85bc15295ca08983fc8af2ddf96c"
  name = "k8s.io/gengo"
  packages = [
    "args",
    "examples/deepcopy-gen/generators",
    "examples/defaulter-gen/generators",
    "examples/set-gen/sets",
    "generator",
    "namer",
    "parser",
    "types",
  ]
  pruneopts = "NUT"
  revision = "dcbe4570f0cf6efbc583a5321c8f9390f71a544d"

[[projects]]
  branch = "release-1.10"
  digest = "1:5e6cf5c86780f55cab6254217bc22e327606b6d09aed280ac12494d837327512"
  name = "k8s.io/kube-openapi"
  packages = [
    "pkg/common",
    "pkg/generators",
    "pkg/util/proto",
  ]
  pruneopts = "NUT"
  revision = "39cb288412c48cb533ba4be5d6c28620b9a0c1b4"

[[projects]]
  digest = "1:67a270881cbf77cdfadbed84e0767c53cf5a533bd127aacee0436e21dd4531f4"
  name = "k8s.io/kubernetes"
  packages = [
    "pkg/api/legacyscheme",
    "pkg/api/service",
    "pkg/api/testapi",
    "pkg/api/v1/pod",
    "pkg/apis/admission",
    "pkg/apis/admission/install",
    "pkg/apis/admission/v1beta1",
    "pkg/apis/admissionregistration",
    "pkg/apis/admissionregistration/install",
    "pkg/apis/admissionregistration/v1alpha1",
    "pkg/apis/admissionregistration/v1beta1",
    "pkg/apis/apps",
    "pkg/apis/apps/install",
    "pkg/apis/apps/v1",
    "pkg/apis/apps/v1beta1",
    "pkg/apis/apps/v1beta2",
    "pkg/apis/authentication",
    "pkg/apis/authentication/install",
    "pkg/apis/authentication/v1",
    "pkg/apis/authentication/v1beta1",
    "pkg/apis/authorization",
    "pkg/apis/authorization/install",
    "pkg/apis/authorization/v1",
    "pkg/apis/authorization/v1beta1",
    "pkg/apis/autoscaling",
    "pkg/apis/autoscaling/install",
    "pkg/apis/autoscaling/v1",
    "pkg/apis/autoscaling/v2beta1",
    "pkg/apis/batch",
    "pkg/apis/batch/install",
    "pkg/apis/batch/v1",
    "pkg/apis/batch/v1beta1",
    "pkg/apis/batch/v2alpha1",
    "pkg/apis/certificates",
    "pkg/apis/certificates/install",
    "pkg/apis/certificates/v1beta1",
    "pkg/apis/componentconfig",
    "pkg/apis/componentconfig/install",
    "pkg/apis/componentconfig/v1alpha1",
    "pkg/apis/core",
    "pkg/apis/core/helper",
    "pkg/apis/core/install",
    "pkg/apis/core/pods",
    "pkg/apis/core/v1",
    "pkg/apis/core/v1/helper",
    "pkg/apis/core/validation",
    "pkg/apis/events",
    "pkg/apis/events/install",
    "pkg/apis/events/v1beta1",
    "pkg/apis/extensions",
    "pkg/apis/extensions/install",
    "pkg/apis/extensions/v1beta1",
    "pkg/apis/imagepolicy",
    "pkg/apis/imagepolicy/install",
    "pkg/apis/imagepolicy/v1alpha1",
    "pkg/apis/networking",
    "pkg/apis/networking/install",
    "pkg/apis/networking/v1",
    "pkg/apis/policy",
    "pkg/apis/policy/install",
    "pkg/apis/policy/v1beta1",
    "pkg/apis/rbac",
    "pkg/apis/rbac/install",
    "pkg/apis/rbac/v1",
    "pkg/apis/rbac/v1alpha1",
    "pkg/apis/rbac/v1beta1",
    "pkg/apis/scheduling",
    "pkg/apis/scheduling/install",
    "pkg/apis/scheduling/v1alpha1",
    "pkg/apis/settings",
    "pkg/apis/settings/install",
    "pkg/apis/settings/v1alpha1",
    "pkg/apis/storage",
    "pkg/apis/storage/install",
    "pkg/apis/storage/v1",
    "pkg/apis/storage/v1alpha1",
    "pkg/apis/storage/v1beta1",
    "pkg/capabilities",
    "pkg/controller",
    "pkg/features",
    "pkg/fieldpath",
    "pkg/kubelet/apis",
    "pkg/kubelet/types",
    "pkg/master/ports",
    "pkg/scheduler/api",
    "pkg/security/apparmor",
    "pkg/serviceaccount",
    "pkg/util/file",
    "pkg/util/hash",
    "pkg/util/net/sets",
    "pkg/util/parsers",
    "pkg/util/pointer",
    "pkg/util/taints",
  ]
  pruneopts = "NUT"
  revision = "be1a908c6aa47e0ae1b1dc861a1de6ccfe963aa2"
  version = "v1.10.10"

[solve-meta]
  analyzer-name = "dep"
  analyzer-version = 1
  input-imports = [
    "github.com/emicklei/go-restful",
    "github.com/go-openapi/spec",
    "github.com/golang/glog",
    "github.com/golang/protobuf/proto",
    "github.com/onrik/logrus/filename",
    "github.com/sirupsen/logrus",
    "github.com/stretchr/testify/assert",
    "k8s.io/api/core/v1",
    "k8s.io/api/policy/v1beta1",
    "k8s.io/apiextensions-apiserver/pkg/client/clientset/clientset",
    "k8s.io/apimachinery/pkg/api/equality",
    "k8s.io/apimachinery/pkg/api/errors",
    "k8s.io/apimachinery/pkg/api/meta",
    "k8s.io/apimachinery/pkg/api/resource",
    "k8s.io/apimachinery/pkg/apimachinery/announced",
    "k8s.io/apimachinery/pkg/apimachinery/registered",
    "k8s.io/apimachinery/pkg/apis/meta/v1",
    "k8s.io/apimachinery/pkg/apis/meta/v1/unstructured",
    "k8s.io/apimachinery/pkg/labels",
    "k8s.io/apimachinery/pkg/runtime",
    "k8s.io/apimachinery/pkg/runtime/schema",
    "k8s.io/apimachinery/pkg/runtime/serializer",
    "k8s.io/apimachinery/pkg/types",
    "k8s.io/apimachinery/pkg/util/errors",
    "k8s.io/apimachinery/pkg/util/intstr",
    "k8s.io/apimachinery/pkg/util/runtime",
    "k8s.io/apimachinery/pkg/util/sets",
    "k8s.io/apimachinery/pkg/util/wait",
    "k8s.io/apimachinery/pkg/watch",
    "k8s.io/client-go/discovery",
    "k8s.io/client-go/discovery/fake",
    "k8s.io/client-go/dynamic",
    "k8s.io/client-go/informers",
    "k8s.io/client-go/kubernetes",
    "k8s.io/client-go/kubernetes/fake",
    "k8s.io/client-go/kubernetes/scheme",
    "k8s.io/client-go/kubernetes/typed/core/v1",
    "k8s.io/client-go/listers/core/v1",
    "k8s.io/client-go/plugin/pkg/client/auth/gcp",
    "k8s.io/client-go/rest",
    "k8s.io/client-go/testing",
    "k8s.io/client-go/tools/cache",
    "k8s.io/client-go/tools/clientcmd",
    "k8s.io/client-go/tools/leaderelection",
    "k8s.io/client-go/tools/leaderelection/resourcelock",
    "k8s.io/client-go/tools/record",
    "k8s.io/client-go/util/flowcontrol",
    "k8s.io/client-go/util/testing",
    "k8s.io/client-go/util/workqueue",
    "k8s.io/code-generator/cmd/client-gen",
    "k8s.io/code-generator/cmd/deepcopy-gen",
    "k8s.io/code-generator/cmd/defaulter-gen",
    "k8s.io/code-generator/cmd/informer-gen",
    "k8s.io/code-generator/cmd/lister-gen",
    "k8s.io/code-generator/cmd/openapi-gen",
    "k8s.io/kube-openapi/pkg/common",
    "k8s.io/kubernetes/pkg/api/legacyscheme",
    "k8s.io/kubernetes/pkg/api/testapi",
    "k8s.io/kubernetes/pkg/controller",
  ]
  solver-name = "gps-cdcl"
  solver-version = 1
